
Microsoft Visual Studio Solution File, Format Version 12.00
# Visual Studio 2012
Project("{8BC9CEB8-8B4A-11D0-8D11-00A0C91BC942}") = "motor_control_lib", "motor_control_lib\motor_control_lib.vcxproj", "{2C3E5266-2166-4EB2-8DB1-459E908F1D68}"
EndProject
Global
	GlobalSection(SolutionConfigurationPlatforms) = preSolution
		Debug|Win32 = Debug|Win32
		Release|Win32 = Release|Win32
	EndGlobalSection
	GlobalSection(ProjectConfigurationPlatforms) = postSolution
		{2C3E5266-2166-4EB2-8DB1-459E908F1D68}.Debug|Win32.ActiveCfg = Debug|Win32
		{2C3E5266-2166-4EB2-8DB1-459E908F1D68}.Debug|Win32.Build.0 = Debug|Win32
		{2C3E5266-2166-4EB2-8DB1-459E908F1D68}.Release|Win32.ActiveCfg = Release|Win32
		{2C3E5266-2166-4EB2-8DB1-459E908F1D68}.Release|Win32.Build.0 = Release|Win32
	EndGlobalSection
	GlobalSection(SolutionProperties) = preSolution
		HideSolutionNode = FALSE
	EndGlobalSection
EndGlobal
